// !$*UTF8*$!
{
	archiveVersion = 1;
	classes = {
	};
	objectVersion = 48;
	objects = {

/* Begin PBXBuildFile section */
		4CA0F88C200DF3FB00B12199 /* AppDelegate.swift in Sources */ = {isa = PBXBuildFile; fileRef = 4CA0F88B200DF3FB00B12199 /* AppDelegate.swift */; };
		4CA0F88E200DF3FB00B12199 /* ViewController.swift in Sources */ = {isa = PBXBuildFile; fileRef = 4CA0F88D200DF3FB00B12199 /* ViewController.swift */; };
		4CA0F891200DF3FB00B12199 /* Main.storyboard in Resources */ = {isa = PBXBuildFile; fileRef = 4CA0F88F200DF3FB00B12199 /* Main.storyboard */; };
		4CA0F893200DF3FB00B12199 /* Assets.xcassets in Resources */ = {isa = PBXBuildFile; fileRef = 4CA0F892200DF3FB00B12199 /* Assets.xcassets */; };
		4CA0F896200DF3FB00B12199 /* LaunchScreen.storyboard in Resources */ = {isa = PBXBuildFile; fileRef = 4CA0F894200DF3FB00B12199 /* LaunchScreen.storyboard */; };
		4CBD623520103D44002A2FAB /* BasicSwiftViewController.swift in Sources */ = {isa = PBXBuildFile; fileRef = 4CBD623420103D44002A2FAB /* BasicSwiftViewController.swift */; };
/* End PBXBuildFile section */

/* Begin PBXFileReference section */
		4CA0F888200DF3FB00B12199 /* myNotification.app */ = {isa = PBXFileReference; explicitFileType = wrapper.application; includeInIndex = 0; path = myNotification.app; sourceTree = BUILT_PRODUCTS_DIR; };
		4CA0F88B200DF3FB00B12199 /* AppDelegate.swift */ = {isa = PBXFileReference; lastKnownFileType = sourcecode.swift; path = AppDelegate.swift; sourceTree = "<group>"; };
		4CA0F88D200DF3FB00B12199 /* ViewController.swift */ = {isa = PBXFileReference; lastKnownFileType = sourcecode.swift; path = ViewController.swift; sourceTree = "<group>"; };
		4CA0F890200DF3FB00B12199 /* Base */ = {isa = PBXFileReference; lastKnownFileType = file.storyboard; name = Base; path = Base.lproj/Main.storyboard; sourceTree = "<group>"; };
		4CA0F892200DF3FB00B12199 /* Assets.xcassets */ = {isa = PBXFileReference; lastKnownFileType = folder.assetcatalog; path = Assets.xcassets; sourceTree = "<group>"; };
		4CA0F895200DF3FB00B12199 /* Base */ = {isa = PBXFileReference; lastKnownFileType = file.storyboard; name = Base; path = Base.lproj/LaunchScreen.storyboard; sourceTree = "<group>"; };
		4CA0F897200DF3FB00B12199 /* Info.plist */ = {isa = PBXFileReference; lastKnownFileType = text.plist.xml; path = Info.plist; sourceTree = "<group>"; };
		4CBD623420103D44002A2FAB /* BasicSwiftViewController.swift */ = {isa = PBXFileReference; lastKnownFileType = sourcecode.swift; path = BasicSwiftViewController.swift; sourceTree = "<group>"; };
/* End PBXFileReference section */

/* Begin PBXFrameworksBuildPhase section */
		4CA0F885200DF3FB00B12199 /* Frameworks */ = {
			isa = PBXFrameworksBuildPhase;
			buildActionMask = 2147483647;
			files = (
			);
			runOnlyForDeploymentPostprocessing = 0;
		};
/* End PBXFrameworksBuildPhase section */

/* Begin PBXGroup section */
		4CA0F87F200DF3FB00B12199 = {
			isa = PBXGroup;
			children = (
				4CA0F88A200DF3FB00B12199 /* myNotification */,
				4CA0F889200DF3FB00B12199 /* Products */,
			);
			sourceTree = "<group>";
		};
		4CA0F889200DF3FB00B12199 /* Products */ = {
			isa = PBXGroup;
			children = (
				4CA0F888200DF3FB00B12199 /* myNotification.app */,
			);
			name = Products;
			sourceTree = "<group>";
		};
		4CA0F88A200DF3FB00B12199 /* myNotification */ = {
			isa = PBXGroup;
			children = (
				4CA0F88B200DF3FB00B12199 /* AppDelegate.swift */,
				4CA0F88D200DF3FB00B12199 /* ViewController.swift */,
				4CBD623420103D44002A2FAB /* BasicSwiftViewController.swift */,
				4CA0F88F200DF3FB00B12199 /* Main.storyboard */,
				4CA0F892200DF3FB00B12199 /* Assets.xcassets */,
				4CA0F894200DF3FB00B12199 /* LaunchScreen.storyboard */,
				4CA0F897200DF3FB00B12199 /* Info.plist */,
			);
			path = myNotification;
			sourceTree = "<group>";
		};
/* End PBXGroup section */

/* Begin PBXNativeTarget section */
		4CA0F887200DF3FB00B12199 /* myNotification */ = {
			isa = PBXNativeTarget;
			buildConfigurationList = 4CA0F89A200DF3FB00B12199 /* Build configuration list for PBXNativeTarget "myNotification" */;
			buildPhases = (
				4CA0F884200DF3FB00B12199 /* Sources */,
				4CA0F885200DF3FB00B12199 /* Frameworks */,
				4CA0F886200DF3FB00B12199 /* Resources */,
			);
			buildRules = (
			);
			dependencies = (
			);
			name = myNotification;
			productName = myNotification;
			productReference = 4CA0F888200DF3FB00B12199 /* myNotification.app */;
			productType = "com.apple.product-type.application";
		};
/* End PBXNativeTarget section */

/* Begin PBXProject section */
		4CA0F880200DF3FB00B12199 /* Project object */ = {
			isa = PBXProject;
			attributes = {
				LastSwiftUpdateCheck = 0920;
				LastUpgradeCheck = 0920;
				ORGANIZATIONNAME = Nick.Inc;
				TargetAttributes = {
					4CA0F887200DF3FB00B12199 = {
						CreatedOnToolsVersion = 9.2;
						ProvisioningStyle = Automatic;
					};
				};
			};
			buildConfigurationList = 4CA0F883200DF3FB00B12199 /* Build configuration list for PBXProject "myNotification" */;
			compatibilityVersion = "Xcode 8.0";
			developmentRegion = en;
			hasScannedForEncodings = 0;
			knownRegions = (
				en,
				Base,
			);
			mainGroup = 4CA0F87F200DF3FB00B12199;
			productRefGroup = 4CA0F889200DF3FB00B12199 /* Products */;
			projectDirPath = "";
			projectRoot = "";
			targets = (
				4CA0F887200DF3FB00B12199 /* myNotification */,
			);
		};
/* End PBXProject section */

/* Begin PBXResourcesBuildPhase section */
		4CA0F886200DF3FB00B12199 /* Resources */ = {
			isa = PBXResourcesBuildPhase;
			buildActionMask = 2147483647;
			files = (
				4CA0F896200DF3FB00B12199 /* LaunchScreen.storyboard in Resources */,
				4CA0F893200DF3FB00B12199 /* Assets.xcassets in Resources */,
				4CA0F891200DF3FB00B12199 /* Main.storyboard in Resources */,
			);
			runOnlyForDeploymentPostprocessing = 0;
		};
/* End PBXResourcesBuildPhase section */

/* Begin PBXSourcesBuildPhase section */
		4CA0F884200DF3FB00B12199 /* Sources */ = {
			isa = PBXSourcesBuildPhase;
			buildActionMask = 2147483647;
			files = (
				4CBD623520103D44002A2FAB /* BasicSwiftViewController.swift in Sources */,
				4CA0F88E200DF3FB00B12199 /* ViewController.swift in Sources */,
				4CA0F88C200DF3FB00B12199 /* AppDelegate.swift in Sources */,
			);
			runOnlyForDeploymentPostprocessing = 0;
		};
/* End PBXSourcesBuildPhase section */

/* Begin PBXVariantGroup section */
		4CA0F88F200DF3FB00B12199 /* Main.storyboard */ = {
			isa = PBXVariantGroup;
			children = (
				4CA0F890200DF3FB00B12199 /* Base */,
			);
			name = Main.storyboard;
			sourceTree = "<group>";
		};
		4CA0F894200DF3FB00B12199 /* LaunchScreen.storyboard */ = {
			isa = PBXVariantGroup;
			children = (
				4CA0F895200DF3FB00B12199 /* Base */,
			);
			name = LaunchScreen.storyboard;
			sourceTree = "<group>";
		};
/* End PBXVariantGroup section */

/* Begin XCBuildConfiguration section */
		4CA0F898200DF3FB00B12199 /* Debug */ = {
			isa = XCBuildConfiguration;
			buildSettings = {
				ALWAYS_SEARCH_USER_PATHS = NO;
				CLANG_ANALYZER_NONNULL = YES;
				CLANG_ANALYZER_NUMBER_OBJECT_CONVERSION = YES_AGGRESSIVE;
				CLANG_CXX_LANGUAGE_STANDARD = "gnu++14";
				CLANG_CXX_LIBRARY = "libc++";
				CLANG_ENABLE_MODULES = YES;
				CLANG_ENABLE_OBJC_ARC = YES;
				CLANG_WARN_BLOCK_CAPTURE_AUTORELEASING = YES;
				CLANG_WARN_BOOL_CONVERSION = YES;
				CLANG_WARN_COMMA = YES;
				CLANG_WARN_CONSTANT_CONVERSION = YES;
				CLANG_WARN_DIRECT_OBJC_ISA_USAGE = YES_ERROR;
				CLANG_WARN_DOCUMENTATION_COMMENTS = YES;
				CLANG_WARN_EMPTY_BODY = YES;
				CLANG_WARN_ENUM_CONVERSION = YES;
				CLANG_WARN_INFINITE_RECURSION = YES;
				CLANG_WARN_INT_CONVERSION = YES;
				CLANG_WARN_NON_LITERAL_NULL_CONVERSION = YES;
				CLANG_WARN_OBJC_LITERAL_CONVERSION = YES;
				CLANG_WARN_OBJC_ROOT_CLASS = YES_ERROR;
				CLANG_WARN_RANGE_LOOP_ANALYSIS = YES;
				CLANG_WARN_STRICT_PROTOTYPES = YES;
				CLANG_WARN_SUSPICIOUS_MOVE = YES;
				CLANG_WARN_UNGUARDED_AVAILABILITY = YES_AGGRESSIVE;
				CLANG_WARN_UNREACHABLE_CODE = YES;
				CLANG_WARN__DUPLICATE_METHOD_MATCH = YES;
				CODE_SIGN_IDENTITY = "iPhone Developer";
				COPY_PHASE_STRIP = NO;
				DEBUG_INFORMATION_FORMAT = dwarf;
				ENABLE_STRICT_OBJC_MSGSEND = YES;
				ENABLE_TESTABILITY = YES;
				GCC_C_LANGUAGE_STANDARD = gnu11;
				GCC_DYNAMIC_NO_PIC = NO;
				GCC_NO_COMMON_BLOCKS = YES;
				GCC_OPTIMIZATION_LEVEL = 0;
				GCC_PREPROCESSOR_DEFINITIONS = (
					"DEBUG=1",
					"$(inherited)",
				);
				GCC_WARN_64_TO_32_BIT_CONVERSION = YES;
				GCC_WARN_ABOUT_RETURN_TYPE = YES_ERROR;
				GCC_WARN_UNDECLARED_SELECTOR = YES;
				GCC_WARN_UNINITIALIZED_AUTOS = YES_AGGRESSIVE;
				GCC_WARN_UNUSED_FUNCTION = YES;
				GCC_WARN_UNUSED_VARIABLE = YES;
				IPHONEOS_DEPLOYMENT_TARGET = 11.2;
				MTL_ENABLE_DEBUG_INFO = YES;
				ONLY_ACTIVE_ARCH = YES;
				SDKROOT = iphoneos;
				SWIFT_ACTIVE_COMPILATION_CONDITIONS = DEBUG;
				SWIFT_OPTIMIZATION_LEVEL = "-Onone";
			};
			name = Debug;
		};
		4CA0F899200DF3FB00B12199 /* Release */ = {
			isa = XCBuildConfiguration;
			buildSettings = {
				ALWAYS_SEARCH_USER_PATHS = NO;
				CLANG_ANALYZER_NONNULL = YES;
				CLANG_ANALYZER_NUMBER_OBJECT_CONVERSION = YES_AGGRESSIVE;
				CLANG_CXX_LANGUAGE_STANDARD = "gnu++14";
				CLANG_CXX_LIBRARY = "libc++";
				CLANG_ENABLE_MODULES = YES;
				CLANG_ENABLE_OBJC_ARC = YES;
				CLANG_WARN_BLOCK_CAPTURE_AUTORELEASING = YES;
				CLANG_WARN_BOOL_CONVERSION = YES;
				CLANG_WARN_COMMA = YES;
				CLANG_WARN_CONSTANT_CONVERSION = YES;
				CLANG_WARN_DIRECT_OBJC_ISA_USAGE = YES_ERROR;
				CLANG_WARN_DOCUMENTATION_COMMENTS = YES;
				CLANG_WARN_EMPTY_BODY = YES;
				CLANG_WARN_ENUM_CONVERSION = YES;
				CLANG_WARN_INFINITE_RECURSION = YES;
				CLANG_WARN_INT_CONVERSION = YES;
				CLANG_WARN_NON_LITERAL_NULL_CONVERSION = YES;
				CLANG_WARN_OBJC_LITERAL_CONVERSION = YES;
				CLANG_WARN_OBJC_ROOT_CLASS = YES_ERROR;
				CLANG_WARN_RANGE_LOOP_ANALYSIS = YES;
				CLANG_WARN_STRICT_PROTOTYPES = YES;
				CLANG_WARN_SUSPICIOUS_MOVE = YES;
				CLANG_WARN_UNGUARDED_AVAILABILITY = YES_AGGRESSIVE;
				CLANG_WARN_UNREACHABLE_CODE = YES;
				CLANG_WARN__DUPLICATE_METHOD_MATCH = YES;
				CODE_SIGN_IDENTITY = "iPhone Developer";
				COPY_PHASE_STRIP = NO;
				DEBUG_INFORMATION_FORMAT = "dwarf-with-dsym";
				ENABLE_NS_ASSERTIONS = NO;
				ENABLE_STRICT_OBJC_MSGSEND = YES;
				GCC_C_LANGUAGE_STANDARD = gnu11;
				GCC_NO_COMMON_BLOCKS = YES;
				GCC_WARN_64_TO_32_BIT_CONVERSION = YES;
				GCC_WARN_ABOUT_RETURN_TYPE = YES_ERROR;
				GCC_WARN_UNDECLARED_SELECTOR = YES;
				GCC_WARN_UNINITIALIZED_AUTOS = YES_AGGRESSIVE;
				GCC_WARN_UNUSED_FUNCTION = YES;
				GCC_WARN_UNUSED_VARIABLE = YES;
				IPHONEOS_DEPLOYMENT_TARGET = 11.2;
				MTL_ENABLE_DEBUG_INFO = NO;
				SDKROOT = iphoneos;
				SWIFT_OPTIMIZATION_LEVEL = "-Owholemodule";
				VALIDATE_PRODUCT = YES;
			};
			name = Release;
		};
		4CA0F89B200DF3FB00B12199 /* Debug */ = {
			isa = XCBuildConfiguration;
			buildSettings = {
				ASSETCATALOG_COMPILER_APPICON_NAME = AppIcon;
				CODE_SIGN_STYLE = Automatic;
				INFOPLIST_FILE = myNotification/Info.plist;
				LD_RUNPATH_SEARCH_PATHS = "$(inherited) @executable_path/Frameworks";
				PRODUCT_BUNDLE_IDENTIFIER = com.jiang.myNotification;
				PRODUCT_NAME = "$(TARGET_NAME)";
				SWIFT_VERSION = 4.0;
				TARGETED_DEVICE_FAMILY = "1,2";
			};
			name = Debug;
		};
		4CA0F89C200DF3FB00B12199 /* Release */ = {
			isa = XCBuildConfiguration;
			buildSettings = {
				ASSETCATALOG_COMPILER_APPICON_NAME = AppIcon;
				CODE_SIGN_STYLE = Automatic;
				INFOPLIST_FILE = myNotification/Info.plist;
				LD_RUNPATH_SEARCH_PATHS = "$(inherited) @executable_path/Frameworks";
				PRODUCT_BUNDLE_IDENTIFIER = com.jiang.myNotification;
				PRODUCT_NAME = "$(TARGET_NAME)";
				SWIFT_VERSION = 4.0;
				TARGETED_DEVICE_FAMILY = "1,2";
			};
			name = Release;
		};
/* End XCBuildConfiguration section */

/* Begin XCConfigurationList section */
		4CA0F883200DF3FB00B12199 /* Build configuration list for PBXProject "myNotification" */ = {
			isa = XCConfigurationList;
			buildConfigurations = (
				4CA0F898200DF3FB00B12199 /* Debug */,
				4CA0F899200DF3FB00B12199 /* Release */,
			);
			defaultConfigurationIsVisible = 0;
			defaultConfigurationName = Release;
		};
		4CA0F89A200DF3FB00B12199 /* Build configuration list for PBXNativeTarget "myNotification" */ = {
			isa = XCConfigurationList;
			buildConfigurations = (
				4CA0F89B200DF3FB00B12199 /* Debug */,
				4CA0F89C200DF3FB00B12199 /* Release */,
			);
			defaultConfigurationIsVisible = 0;
			defaultConfigurationName = Release;
		};
/* End XCConfigurationList section */
	};
	rootObject = 4CA0F880200DF3FB00B12199 /* Project object */;
}
